{
  "version": 4,
  "terraform_version": "1.11.4",
  "serial": 237,
  "lineage": "814c4255-d39e-c166-7364-4c9403a82a12",
  "outputs": {},
  "resources": [
    {
      "module": "module.vpc",
      "mode": "managed",
      "type": "aws_vpc",
      "name": "this",
      "provider": "provider[\"registry.terraform.io/hashicorp/aws\"]",
      "instances": [
        {
          "index_key": 0,
          "schema_version": 1,
          "attributes": {
            "arn": "arn:aws:ec2:ap-south-1:732940910144:vpc/vpc-05686c72236839773",
            "assign_generated_ipv6_cidr_block": false,
            "cidr_block": "10.0.0.0/16",
            "default_network_acl_id": "acl-0a282229da888cfb2",
            "default_route_table_id": "rtb-0c4b444b086584202",
            "default_security_group_id": "sg-0102fc4cb0aa4b232",
            "dhcp_options_id": "dopt-09f91f7c487a7443f",
            "enable_dns_hostnames": true,
            "enable_dns_support": true,
            "enable_network_address_usage_metrics": false,
            "id": "vpc-05686c72236839773",
            "instance_tenancy": "default",
            "ipv4_ipam_pool_id": null,
            "ipv4_netmask_length": null,
            "ipv6_association_id": "",
            "ipv6_cidr_block": "",
            "ipv6_cidr_block_network_border_group": "",
            "ipv6_ipam_pool_id": "",
            "ipv6_netmask_length": 0,
            "main_route_table_id": "rtb-0c4b444b086584202",
            "owner_id": "732940910144",
            "tags": {
              "Environment": "dev",
              "Name": "myvpc-dev",
              "Owner": "Abhishek"
            },
            "tags_all": {
              "Environment": "dev",
              "Name": "myvpc-dev",
              "Owner": "Abhishek"
            }
          },
          "sensitive_attributes": [],
          "private": "eyJzY2hlbWFfdmVyc2lvbiI6IjEifQ=="
        }
      ]
    }
  ],
  "check_results": null
}
